// !$*UTF8*$!
{
	archiveVersion = 1;
	classes = {
	};
	objectVersion = 56;
	objects = {

/* Begin PBXBuildFile section */
		DC9E90932C6190840053D2A0 /* AppDelegate.swift in Sources */ = {isa = PBXBuildFile; fileRef = DC9E90922C6190840053D2A0 /* AppDelegate.swift */; };
		DC9E90952C6190840053D2A0 /* SceneDelegate.swift in Sources */ = {isa = PBXBuildFile; fileRef = DC9E90942C6190840053D2A0 /* SceneDelegate.swift */; };
		DC9E90972C6190840053D2A0 /* MainViewController.swift in Sources */ = {isa = PBXBuildFile; fileRef = DC9E90962C6190840053D2A0 /* MainViewController.swift */; };
		DC9E909C2C6190850053D2A0 /* Assets.xcassets in Resources */ = {isa = PBXBuildFile; fileRef = DC9E909B2C6190850053D2A0 /* Assets.xcassets */; };
		DC9E909F2C6190850053D2A0 /* Base in Resources */ = {isa = PBXBuildFile; fileRef = DC9E909E2C6190850053D2A0 /* Base */; };
		DC9E90AC2C619FD80053D2A0 /* CalendarView.swift in Sources */ = {isa = PBXBuildFile; fileRef = DC9E90AB2C619FD80053D2A0 /* CalendarView.swift */; };
		DC9E90AE2C61C6150053D2A0 /* WeatherView.swift in Sources */ = {isa = PBXBuildFile; fileRef = DC9E90AD2C61C6150053D2A0 /* WeatherView.swift */; };
		DC9E90B22C6302F30053D2A0 /* UIView + Extensions.swift in Sources */ = {isa = PBXBuildFile; fileRef = DC9E90B12C6302F30053D2A0 /* UIView + Extensions.swift */; };
		DC9E90B82C6304EA0053D2A0 /* Roboto-Bold.ttf in Resources */ = {isa = PBXBuildFile; fileRef = DC9E90B62C6304EA0053D2A0 /* Roboto-Bold.ttf */; };
		DC9E90B92C6304EA0053D2A0 /* Roboto-Medium.ttf in Resources */ = {isa = PBXBuildFile; fileRef = DC9E90B72C6304EA0053D2A0 /* Roboto-Medium.ttf */; };
		DC9E90BB2C6307240053D2A0 /* UIFont + Extensions.swift in Sources */ = {isa = PBXBuildFile; fileRef = DC9E90BA2C6307240053D2A0 /* UIFont + Extensions.swift */; };
		DC9E90BD2C6307CA0053D2A0 /* UIColor + Extensions.swift in Sources */ = {isa = PBXBuildFile; fileRef = DC9E90BC2C6307CA0053D2A0 /* UIColor + Extensions.swift */; };
		DC9E90BF2C63A7400053D2A0 /* CalendarCollectionView.swift in Sources */ = {isa = PBXBuildFile; fileRef = DC9E90BE2C63A7400053D2A0 /* CalendarCollectionView.swift */; };
		DC9E90C22C63ABAF0053D2A0 /* CalendarCollectionViewCell.swift in Sources */ = {isa = PBXBuildFile; fileRef = DC9E90C12C63ABAF0053D2A0 /* CalendarCollectionViewCell.swift */; };
		DC9E90C42C63E8E30053D2A0 /* UILabel + Extensions.swift in Sources */ = {isa = PBXBuildFile; fileRef = DC9E90C32C63E8E30053D2A0 /* UILabel + Extensions.swift */; };
		DC9E90C62C63ED970053D2A0 /* MainTableView.swift in Sources */ = {isa = PBXBuildFile; fileRef = DC9E90C52C63ED970053D2A0 /* MainTableView.swift */; };
		DC9E90C82C63F3250053D2A0 /* StackView + Extensions.swift in Sources */ = {isa = PBXBuildFile; fileRef = DC9E90C72C63F3250053D2A0 /* StackView + Extensions.swift */; };
		DC9E90CA2C640BBA0053D2A0 /* WorkoutTableViewCell.swift in Sources */ = {isa = PBXBuildFile; fileRef = DC9E90C92C640BBA0053D2A0 /* WorkoutTableViewCell.swift */; };
		DC9E90CF2C6445050053D2A0 /* StatisticViewController.swift in Sources */ = {isa = PBXBuildFile; fileRef = DC9E90CE2C6445050053D2A0 /* StatisticViewController.swift */; };
		DC9E90D12C644CE20053D2A0 /* StatisticTableView.swift in Sources */ = {isa = PBXBuildFile; fileRef = DC9E90D02C644CE20053D2A0 /* StatisticTableView.swift */; };
		DC9E90D42C644EAD0053D2A0 /* StatisticTableViewCell.swift in Sources */ = {isa = PBXBuildFile; fileRef = DC9E90D32C644EAD0053D2A0 /* StatisticTableViewCell.swift */; };
		DC9E90D72C65105D0053D2A0 /* MainTabBarController.swift in Sources */ = {isa = PBXBuildFile; fileRef = DC9E90D62C65105D0053D2A0 /* MainTabBarController.swift */; };
		DC9E90DC2C6516DB0053D2A0 /* NewWorkoutViewController.swift in Sources */ = {isa = PBXBuildFile; fileRef = DC9E90DB2C6516DB0053D2A0 /* NewWorkoutViewController.swift */; };
		DC9E90DE2C65261A0053D2A0 /* NameView.swift in Sources */ = {isa = PBXBuildFile; fileRef = DC9E90DD2C65261A0053D2A0 /* NameView.swift */; };
		DC9E90E02C65351D0053D2A0 /* DateAndRepeatView.swift in Sources */ = {isa = PBXBuildFile; fileRef = DC9E90DF2C65351D0053D2A0 /* DateAndRepeatView.swift */; };
		DC9E90E22C6535730053D2A0 /* RepsOrTimerView.swift in Sources */ = {isa = PBXBuildFile; fileRef = DC9E90E12C6535730053D2A0 /* RepsOrTimerView.swift */; };
		DC9E90E42C65A7020053D2A0 /* UIButton + Extensions.swift in Sources */ = {isa = PBXBuildFile; fileRef = DC9E90E32C65A7020053D2A0 /* UIButton + Extensions.swift */; };
		DC9E911A2C665C370053D2A0 /* RealmSwift in Frameworks */ = {isa = PBXBuildFile; productRef = DC9E91192C665C370053D2A0 /* RealmSwift */; };
		DC9E911B2C665C900053D2A0 /* RealmSwift in Embed Frameworks */ = {isa = PBXBuildFile; productRef = DC9E91192C665C370053D2A0 /* RealmSwift */; settings = {ATTRIBUTES = (CodeSignOnCopy, ); }; };
		DC9E911D2C665DFC0053D2A0 /* UISlider + Extensions.swift in Sources */ = {isa = PBXBuildFile; fileRef = DC9E911C2C665DFC0053D2A0 /* UISlider + Extensions.swift */; };
		DC9E911F2C66F2120053D2A0 /* Int + Extensions.swift in Sources */ = {isa = PBXBuildFile; fileRef = DC9E911E2C66F2120053D2A0 /* Int + Extensions.swift */; };
		DC9E91222C66F8B80053D2A0 /* SliderTypes.swift in Sources */ = {isa = PBXBuildFile; fileRef = DC9E91212C66F8B80053D2A0 /* SliderTypes.swift */; };
		DC9E91252C6703A00053D2A0 /* SliderView.swift in Sources */ = {isa = PBXBuildFile; fileRef = DC9E91242C6703A00053D2A0 /* SliderView.swift */; };
		DC9E912B2C6705930053D2A0 /* GreenSlider.swift in Sources */ = {isa = PBXBuildFile; fileRef = DC9E912A2C6705930053D2A0 /* GreenSlider.swift */; };
		DC9E912E2C67D1EB0053D2A0 /* WorkOutModel.swift in Sources */ = {isa = PBXBuildFile; fileRef = DC9E912D2C67D1EB0053D2A0 /* WorkOutModel.swift */; };
		DC9E91302C67E2020053D2A0 /* Date + Extensions.swift in Sources */ = {isa = PBXBuildFile; fileRef = DC9E912F2C67E2020053D2A0 /* Date + Extensions.swift */; };
		DC9E91332C6832110053D2A0 /* RealmManager.swift in Sources */ = {isa = PBXBuildFile; fileRef = DC9E91322C6832110053D2A0 /* RealmManager.swift */; };
		DC9E91382C6861710053D2A0 /* StartViewController.swift in Sources */ = {isa = PBXBuildFile; fileRef = DC9E91372C6861710053D2A0 /* StartViewController.swift */; };
		DC9E913A2C6862760053D2A0 /* CloseButton.swift in Sources */ = {isa = PBXBuildFile; fileRef = DC9E91392C6862760053D2A0 /* CloseButton.swift */; };
/* End PBXBuildFile section */

/* Begin PBXCopyFilesBuildPhase section */
		DC9E91082C66560E0053D2A0 /* Embed Frameworks */ = {
			isa = PBXCopyFilesBuildPhase;
			buildActionMask = 2147483647;
			dstPath = "";
			dstSubfolderSpec = 10;
			files = (
				DC9E911B2C665C900053D2A0 /* RealmSwift in Embed Frameworks */,
			);
			name = "Embed Frameworks";
			runOnlyForDeploymentPostprocessing = 0;
		};
/* End PBXCopyFilesBuildPhase section */

/* Begin PBXFileReference section */
		DC9E908F2C6190840053D2A0 /* Fitness app.app */ = {isa = PBXFileReference; explicitFileType = wrapper.application; includeInIndex = 0; path = "Fitness app.app"; sourceTree = BUILT_PRODUCTS_DIR; };
		DC9E90922C6190840053D2A0 /* AppDelegate.swift */ = {isa = PBXFileReference; lastKnownFileType = sourcecode.swift; path = AppDelegate.swift; sourceTree = "<group>"; };
		DC9E90942C6190840053D2A0 /* SceneDelegate.swift */ = {isa = PBXFileReference; lastKnownFileType = sourcecode.swift; path = SceneDelegate.swift; sourceTree = "<group>"; };
		DC9E90962C6190840053D2A0 /* MainViewController.swift */ = {isa = PBXFileReference; lastKnownFileType = sourcecode.swift; path = MainViewController.swift; sourceTree = "<group>"; };
		DC9E909B2C6190850053D2A0 /* Assets.xcassets */ = {isa = PBXFileReference; lastKnownFileType = folder.assetcatalog; path = Assets.xcassets; sourceTree = "<group>"; };
		DC9E909E2C6190850053D2A0 /* Base */ = {isa = PBXFileReference; lastKnownFileType = file.storyboard; name = Base; path = Base.lproj/LaunchScreen.storyboard; sourceTree = "<group>"; };
		DC9E90A02C6190850053D2A0 /* Info.plist */ = {isa = PBXFileReference; lastKnownFileType = text.plist.xml; path = Info.plist; sourceTree = "<group>"; };
		DC9E90AB2C619FD80053D2A0 /* CalendarView.swift */ = {isa = PBXFileReference; lastKnownFileType = sourcecode.swift; path = CalendarView.swift; sourceTree = "<group>"; };
		DC9E90AD2C61C6150053D2A0 /* WeatherView.swift */ = {isa = PBXFileReference; lastKnownFileType = sourcecode.swift; path = WeatherView.swift; sourceTree = "<group>"; };
		DC9E90B12C6302F30053D2A0 /* UIView + Extensions.swift */ = {isa = PBXFileReference; lastKnownFileType = sourcecode.swift; path = "UIView + Extensions.swift"; sourceTree = "<group>"; };
		DC9E90B62C6304EA0053D2A0 /* Roboto-Bold.ttf */ = {isa = PBXFileReference; lastKnownFileType = file; path = "Roboto-Bold.ttf"; sourceTree = "<group>"; };
		DC9E90B72C6304EA0053D2A0 /* Roboto-Medium.ttf */ = {isa = PBXFileReference; lastKnownFileType = file; path = "Roboto-Medium.ttf"; sourceTree = "<group>"; };
		DC9E90BA2C6307240053D2A0 /* UIFont + Extensions.swift */ = {isa = PBXFileReference; lastKnownFileType = sourcecode.swift; path = "UIFont + Extensions.swift"; sourceTree = "<group>"; };
		DC9E90BC2C6307CA0053D2A0 /* UIColor + Extensions.swift */ = {isa = PBXFileReference; lastKnownFileType = sourcecode.swift; path = "UIColor + Extensions.swift"; sourceTree = "<group>"; };
		DC9E90BE2C63A7400053D2A0 /* CalendarCollectionView.swift */ = {isa = PBXFileReference; lastKnownFileType = sourcecode.swift; path = CalendarCollectionView.swift; sourceTree = "<group>"; };
		DC9E90C12C63ABAF0053D2A0 /* CalendarCollectionViewCell.swift */ = {isa = PBXFileReference; lastKnownFileType = sourcecode.swift; path = CalendarCollectionViewCell.swift; sourceTree = "<group>"; };
		DC9E90C32C63E8E30053D2A0 /* UILabel + Extensions.swift */ = {isa = PBXFileReference; lastKnownFileType = sourcecode.swift; path = "UILabel + Extensions.swift"; sourceTree = "<group>"; };
		DC9E90C52C63ED970053D2A0 /* MainTableView.swift */ = {isa = PBXFileReference; lastKnownFileType = sourcecode.swift; path = MainTableView.swift; sourceTree = "<group>"; };
		DC9E90C72C63F3250053D2A0 /* StackView + Extensions.swift */ = {isa = PBXFileReference; lastKnownFileType = sourcecode.swift; path = "StackView + Extensions.swift"; sourceTree = "<group>"; };
		DC9E90C92C640BBA0053D2A0 /* WorkoutTableViewCell.swift */ = {isa = PBXFileReference; lastKnownFileType = sourcecode.swift; path = WorkoutTableViewCell.swift; sourceTree = "<group>"; };
		DC9E90CE2C6445050053D2A0 /* StatisticViewController.swift */ = {isa = PBXFileReference; lastKnownFileType = sourcecode.swift; path = StatisticViewController.swift; sourceTree = "<group>"; };
		DC9E90D02C644CE20053D2A0 /* StatisticTableView.swift */ = {isa = PBXFileReference; lastKnownFileType = sourcecode.swift; path = StatisticTableView.swift; sourceTree = "<group>"; };
		DC9E90D32C644EAD0053D2A0 /* StatisticTableViewCell.swift */ = {isa = PBXFileReference; lastKnownFileType = sourcecode.swift; path = StatisticTableViewCell.swift; sourceTree = "<group>"; };
		DC9E90D62C65105D0053D2A0 /* MainTabBarController.swift */ = {isa = PBXFileReference; lastKnownFileType = sourcecode.swift; path = MainTabBarController.swift; sourceTree = "<group>"; };
		DC9E90DB2C6516DB0053D2A0 /* NewWorkoutViewController.swift */ = {isa = PBXFileReference; lastKnownFileType = sourcecode.swift; path = NewWorkoutViewController.swift; sourceTree = "<group>"; };
		DC9E90DD2C65261A0053D2A0 /* NameView.swift */ = {isa = PBXFileReference; lastKnownFileType = sourcecode.swift; path = NameView.swift; sourceTree = "<group>"; };
		DC9E90DF2C65351D0053D2A0 /* DateAndRepeatView.swift */ = {isa = PBXFileReference; lastKnownFileType = sourcecode.swift; path = DateAndRepeatView.swift; sourceTree = "<group>"; };
		DC9E90E12C6535730053D2A0 /* RepsOrTimerView.swift */ = {isa = PBXFileReference; lastKnownFileType = sourcecode.swift; path = RepsOrTimerView.swift; sourceTree = "<group>"; };
		DC9E90E32C65A7020053D2A0 /* UIButton + Extensions.swift */ = {isa = PBXFileReference; lastKnownFileType = sourcecode.swift; path = "UIButton + Extensions.swift"; sourceTree = "<group>"; };
		DC9E911C2C665DFC0053D2A0 /* UISlider + Extensions.swift */ = {isa = PBXFileReference; lastKnownFileType = sourcecode.swift; path = "UISlider + Extensions.swift"; sourceTree = "<group>"; };
		DC9E911E2C66F2120053D2A0 /* Int + Extensions.swift */ = {isa = PBXFileReference; lastKnownFileType = sourcecode.swift; path = "Int + Extensions.swift"; sourceTree = "<group>"; };
		DC9E91212C66F8B80053D2A0 /* SliderTypes.swift */ = {isa = PBXFileReference; lastKnownFileType = sourcecode.swift; path = SliderTypes.swift; sourceTree = "<group>"; };
		DC9E91242C6703A00053D2A0 /* SliderView.swift */ = {isa = PBXFileReference; lastKnownFileType = sourcecode.swift; path = SliderView.swift; sourceTree = "<group>"; };
		DC9E912A2C6705930053D2A0 /* GreenSlider.swift */ = {isa = PBXFileReference; lastKnownFileType = sourcecode.swift; path = GreenSlider.swift; sourceTree = "<group>"; };
		DC9E912D2C67D1EB0053D2A0 /* WorkOutModel.swift */ = {isa = PBXFileReference; lastKnownFileType = sourcecode.swift; path = WorkOutModel.swift; sourceTree = "<group>"; };
		DC9E912F2C67E2020053D2A0 /* Date + Extensions.swift */ = {isa = PBXFileReference; lastKnownFileType = sourcecode.swift; path = "Date + Extensions.swift"; sourceTree = "<group>"; };
		DC9E91322C6832110053D2A0 /* RealmManager.swift */ = {isa = PBXFileReference; lastKnownFileType = sourcecode.swift; path = RealmManager.swift; sourceTree = "<group>"; };
		DC9E91372C6861710053D2A0 /* StartViewController.swift */ = {isa = PBXFileReference; lastKnownFileType = sourcecode.swift; path = StartViewController.swift; sourceTree = "<group>"; };
		DC9E91392C6862760053D2A0 /* CloseButton.swift */ = {isa = PBXFileReference; lastKnownFileType = sourcecode.swift; path = CloseButton.swift; sourceTree = "<group>"; };
/* End PBXFileReference section */

/* Begin PBXFrameworksBuildPhase section */
		DC9E908C2C6190840053D2A0 /* Frameworks */ = {
			isa = PBXFrameworksBuildPhase;
			buildActionMask = 2147483647;
			files = (
				DC9E911A2C665C370053D2A0 /* RealmSwift in Frameworks */,
			);
			runOnlyForDeploymentPostprocessing = 0;
		};
/* End PBXFrameworksBuildPhase section */

/* Begin PBXGroup section */
		DC9E90862C6190840053D2A0 = {
			isa = PBXGroup;
			children = (
				DC9E90912C6190840053D2A0 /* Fitness app */,
				DC9E90902C6190840053D2A0 /* Products */,
			);
			sourceTree = "<group>";
		};
		DC9E90902C6190840053D2A0 /* Products */ = {
			isa = PBXGroup;
			children = (
				DC9E908F2C6190840053D2A0 /* Fitness app.app */,
			);
			name = Products;
			sourceTree = "<group>";
		};
		DC9E90912C6190840053D2A0 /* Fitness app */ = {
			isa = PBXGroup;
			children = (
				DC9E90AA2C6192FE0053D2A0 /* Aplication */,
				DC9E90D52C6510340053D2A0 /* NavigationModele */,
				DC9E90A62C6192400053D2A0 /* MainModule */,
				DC9E90CB2C6444990053D2A0 /* StatisticModule */,
				DC9E90D82C6516740053D2A0 /* NewWorkoutModule */,
				DC9E91342C6861110053D2A0 /* StartWorkoutModule */,
				DC9E91312C6831E80053D2A0 /* Services */,
				DC9E90AF2C6302A60053D2A0 /* Extensions */,
				DC9E90A92C6192840053D2A0 /* SuportingFiles */,
			);
			path = "Fitness app";
			sourceTree = "<group>";
		};
		DC9E90A62C6192400053D2A0 /* MainModule */ = {
			isa = PBXGroup;
			children = (
				DC9E912C2C67D1B20053D2A0 /* Models */,
				DC9E90A82C61926A0053D2A0 /* Views */,
				DC9E90A72C61924E0053D2A0 /* Controllers */,
			);
			path = MainModule;
			sourceTree = "<group>";
		};
		DC9E90A72C61924E0053D2A0 /* Controllers */ = {
			isa = PBXGroup;
			children = (
				DC9E90962C6190840053D2A0 /* MainViewController.swift */,
			);
			path = Controllers;
			sourceTree = "<group>";
		};
		DC9E90A82C61926A0053D2A0 /* Views */ = {
			isa = PBXGroup;
			children = (
				DC9E90C02C63AB890053D2A0 /* Cells */,
				DC9E90AB2C619FD80053D2A0 /* CalendarView.swift */,
				DC9E90AD2C61C6150053D2A0 /* WeatherView.swift */,
				DC9E90BE2C63A7400053D2A0 /* CalendarCollectionView.swift */,
				DC9E90C52C63ED970053D2A0 /* MainTableView.swift */,
			);
			path = Views;
			sourceTree = "<group>";
		};
		DC9E90A92C6192840053D2A0 /* SuportingFiles */ = {
			isa = PBXGroup;
			children = (
				DC9E90B32C63046F0053D2A0 /* Fonts */,
				DC9E909B2C6190850053D2A0 /* Assets.xcassets */,
				DC9E909D2C6190850053D2A0 /* LaunchScreen.storyboard */,
				DC9E90A02C6190850053D2A0 /* Info.plist */,
			);
			path = SuportingFiles;
			sourceTree = "<group>";
		};
		DC9E90AA2C6192FE0053D2A0 /* Aplication */ = {
			isa = PBXGroup;
			children = (
				DC9E90922C6190840053D2A0 /* AppDelegate.swift */,
				DC9E90942C6190840053D2A0 /* SceneDelegate.swift */,
			);
			path = Aplication;
			sourceTree = "<group>";
		};
		DC9E90AF2C6302A60053D2A0 /* Extensions */ = {
			isa = PBXGroup;
			children = (
				DC9E91292C6705740053D2A0 /* Elements */,
				DC9E90B02C6302D10053D2A0 /* UIKit */,
				DC9E911E2C66F2120053D2A0 /* Int + Extensions.swift */,
				DC9E912F2C67E2020053D2A0 /* Date + Extensions.swift */,
			);
			path = Extensions;
			sourceTree = "<group>";
		};
		DC9E90B02C6302D10053D2A0 /* UIKit */ = {
			isa = PBXGroup;
			children = (
				DC9E90BC2C6307CA0053D2A0 /* UIColor + Extensions.swift */,
				DC9E90BA2C6307240053D2A0 /* UIFont + Extensions.swift */,
				DC9E90B12C6302F30053D2A0 /* UIView + Extensions.swift */,
				DC9E90C32C63E8E30053D2A0 /* UILabel + Extensions.swift */,
				DC9E90C72C63F3250053D2A0 /* StackView + Extensions.swift */,
				DC9E90E32C65A7020053D2A0 /* UIButton + Extensions.swift */,
				DC9E911C2C665DFC0053D2A0 /* UISlider + Extensions.swift */,
			);
			path = UIKit;
			sourceTree = "<group>";
		};
		DC9E90B32C63046F0053D2A0 /* Fonts */ = {
			isa = PBXGroup;
			children = (
				DC9E90B62C6304EA0053D2A0 /* Roboto-Bold.ttf */,
				DC9E90B72C6304EA0053D2A0 /* Roboto-Medium.ttf */,
			);
			path = Fonts;
			sourceTree = "<group>";
		};
		DC9E90C02C63AB890053D2A0 /* Cells */ = {
			isa = PBXGroup;
			children = (
				DC9E90C12C63ABAF0053D2A0 /* CalendarCollectionViewCell.swift */,
				DC9E90C92C640BBA0053D2A0 /* WorkoutTableViewCell.swift */,
			);
			path = Cells;
			sourceTree = "<group>";
		};
		DC9E90CB2C6444990053D2A0 /* StatisticModule */ = {
			isa = PBXGroup;
			children = (
				DC9E90CD2C6444C40053D2A0 /* Views */,
				DC9E90CC2C6444B50053D2A0 /* Controllers */,
			);
			path = StatisticModule;
			sourceTree = "<group>";
		};
		DC9E90CC2C6444B50053D2A0 /* Controllers */ = {
			isa = PBXGroup;
			children = (
				DC9E90CE2C6445050053D2A0 /* StatisticViewController.swift */,
			);
			path = Controllers;
			sourceTree = "<group>";
		};
		DC9E90CD2C6444C40053D2A0 /* Views */ = {
			isa = PBXGroup;
			children = (
				DC9E90D22C644E8C0053D2A0 /* Cells */,
				DC9E90D02C644CE20053D2A0 /* StatisticTableView.swift */,
			);
			path = Views;
			sourceTree = "<group>";
		};
		DC9E90D22C644E8C0053D2A0 /* Cells */ = {
			isa = PBXGroup;
			children = (
				DC9E90D32C644EAD0053D2A0 /* StatisticTableViewCell.swift */,
			);
			path = Cells;
			sourceTree = "<group>";
		};
		DC9E90D52C6510340053D2A0 /* NavigationModele */ = {
			isa = PBXGroup;
			children = (
				DC9E90D62C65105D0053D2A0 /* MainTabBarController.swift */,
			);
			path = NavigationModele;
			sourceTree = "<group>";
		};
		DC9E90D82C6516740053D2A0 /* NewWorkoutModule */ = {
			isa = PBXGroup;
			children = (
				DC9E91202C66F7320053D2A0 /* Model */,
				DC9E90DA2C65169D0053D2A0 /* Views */,
				DC9E90D92C6516950053D2A0 /* Controllers */,
			);
			path = NewWorkoutModule;
			sourceTree = "<group>";
		};
		DC9E90D92C6516950053D2A0 /* Controllers */ = {
			isa = PBXGroup;
			children = (
				DC9E90DB2C6516DB0053D2A0 /* NewWorkoutViewController.swift */,
			);
			path = Controllers;
			sourceTree = "<group>";
		};
		DC9E90DA2C65169D0053D2A0 /* Views */ = {
			isa = PBXGroup;
			children = (
				DC9E91232C6703890053D2A0 /* SubView */,
				DC9E90DD2C65261A0053D2A0 /* NameView.swift */,
				DC9E90DF2C65351D0053D2A0 /* DateAndRepeatView.swift */,
				DC9E90E12C6535730053D2A0 /* RepsOrTimerView.swift */,
			);
			path = Views;
			sourceTree = "<group>";
		};
		DC9E91202C66F7320053D2A0 /* Model */ = {
			isa = PBXGroup;
			children = (
				DC9E91212C66F8B80053D2A0 /* SliderTypes.swift */,
			);
			path = Model;
			sourceTree = "<group>";
		};
		DC9E91232C6703890053D2A0 /* SubView */ = {
			isa = PBXGroup;
			children = (
				DC9E91242C6703A00053D2A0 /* SliderView.swift */,
			);
			path = SubView;
			sourceTree = "<group>";
		};
		DC9E91292C6705740053D2A0 /* Elements */ = {
			isa = PBXGroup;
			children = (
				DC9E912A2C6705930053D2A0 /* GreenSlider.swift */,
				DC9E91392C6862760053D2A0 /* CloseButton.swift */,
			);
			path = Elements;
			sourceTree = "<group>";
		};
		DC9E912C2C67D1B20053D2A0 /* Models */ = {
			isa = PBXGroup;
			children = (
				DC9E912D2C67D1EB0053D2A0 /* WorkOutModel.swift */,
			);
			path = Models;
			sourceTree = "<group>";
		};
		DC9E91312C6831E80053D2A0 /* Services */ = {
			isa = PBXGroup;
			children = (
				DC9E91322C6832110053D2A0 /* RealmManager.swift */,
			);
			path = Services;
			sourceTree = "<group>";
		};
		DC9E91342C6861110053D2A0 /* StartWorkoutModule */ = {
			isa = PBXGroup;
			children = (
				DC9E91362C6861460053D2A0 /* Views */,
				DC9E91352C6861390053D2A0 /* Controllers */,
			);
			path = StartWorkoutModule;
			sourceTree = "<group>";
		};
		DC9E91352C6861390053D2A0 /* Controllers */ = {
			isa = PBXGroup;
			children = (
				DC9E91372C6861710053D2A0 /* StartViewController.swift */,
			);
			path = Controllers;
			sourceTree = "<group>";
		};
		DC9E91362C6861460053D2A0 /* Views */ = {
			isa = PBXGroup;
			children = (
			);
			path = Views;
			sourceTree = "<group>";
		};
/* End PBXGroup section */

/* Begin PBXNativeTarget section */
		DC9E908E2C6190840053D2A0 /* Fitness app */ = {
			isa = PBXNativeTarget;
			buildConfigurationList = DC9E90A32C6190850053D2A0 /* Build configuration list for PBXNativeTarget "Fitness app" */;
			buildPhases = (
				DC9E908B2C6190840053D2A0 /* Sources */,
				DC9E908C2C6190840053D2A0 /* Frameworks */,
				DC9E908D2C6190840053D2A0 /* Resources */,
				DC9E91082C66560E0053D2A0 /* Embed Frameworks */,
			);
			buildRules = (
			);
			dependencies = (
			);
			name = "Fitness app";
			packageProductDependencies = (
				DC9E91192C665C370053D2A0 /* RealmSwift */,
			);
			productName = "Fitness app";
			productReference = DC9E908F2C6190840053D2A0 /* Fitness app.app */;
			productType = "com.apple.product-type.application";
		};
/* End PBXNativeTarget section */

/* Begin PBXProject section */
		DC9E90872C6190840053D2A0 /* Project object */ = {
			isa = PBXProject;
			attributes = {
				BuildIndependentTargetsInParallel = 1;
				LastSwiftUpdateCheck = 1540;
				LastUpgradeCheck = 1540;
				TargetAttributes = {
					DC9E908E2C6190840053D2A0 = {
						CreatedOnToolsVersion = 15.4;
					};
				};
			};
			buildConfigurationList = DC9E908A2C6190840053D2A0 /* Build configuration list for PBXProject "Fitness app" */;
			compatibilityVersion = "Xcode 14.0";
			developmentRegion = en;
			hasScannedForEncodings = 0;
			knownRegions = (
				en,
				Base,
			);
			mainGroup = DC9E90862C6190840053D2A0;
			packageReferences = (
				DC9E91182C665C370053D2A0 /* XCRemoteSwiftPackageReference "realm-swift" */,
			);
			productRefGroup = DC9E90902C6190840053D2A0 /* Products */;
			projectDirPath = "";
			projectRoot = "";
			targets = (
				DC9E908E2C6190840053D2A0 /* Fitness app */,
			);
		};
/* End PBXProject section */

/* Begin PBXResourcesBuildPhase section */
		DC9E908D2C6190840053D2A0 /* Resources */ = {
			isa = PBXResourcesBuildPhase;
			buildActionMask = 2147483647;
			files = (
				DC9E90B92C6304EA0053D2A0 /* Roboto-Medium.ttf in Resources */,
				DC9E909C2C6190850053D2A0 /* Assets.xcassets in Resources */,
				DC9E909F2C6190850053D2A0 /* Base in Resources */,
				DC9E90B82C6304EA0053D2A0 /* Roboto-Bold.ttf in Resources */,
			);
			runOnlyForDeploymentPostprocessing = 0;
		};
/* End PBXResourcesBuildPhase section */

/* Begin PBXSourcesBuildPhase section */
		DC9E908B2C6190840053D2A0 /* Sources */ = {
			isa = PBXSourcesBuildPhase;
			buildActionMask = 2147483647;
			files = (
				DC9E90E02C65351D0053D2A0 /* DateAndRepeatView.swift in Sources */,
				DC9E91382C6861710053D2A0 /* StartViewController.swift in Sources */,
				DC9E91302C67E2020053D2A0 /* Date + Extensions.swift in Sources */,
				DC9E90AE2C61C6150053D2A0 /* WeatherView.swift in Sources */,
				DC9E911D2C665DFC0053D2A0 /* UISlider + Extensions.swift in Sources */,
				DC9E90E42C65A7020053D2A0 /* UIButton + Extensions.swift in Sources */,
				DC9E912B2C6705930053D2A0 /* GreenSlider.swift in Sources */,
				DC9E912E2C67D1EB0053D2A0 /* WorkOutModel.swift in Sources */,
				DC9E90BD2C6307CA0053D2A0 /* UIColor + Extensions.swift in Sources */,
				DC9E90E22C6535730053D2A0 /* RepsOrTimerView.swift in Sources */,
				DC9E91222C66F8B80053D2A0 /* SliderTypes.swift in Sources */,
				DC9E90D72C65105D0053D2A0 /* MainTabBarController.swift in Sources */,
				DC9E90BF2C63A7400053D2A0 /* CalendarCollectionView.swift in Sources */,
				DC9E90CF2C6445050053D2A0 /* StatisticViewController.swift in Sources */,
				DC9E90C42C63E8E30053D2A0 /* UILabel + Extensions.swift in Sources */,
				DC9E913A2C6862760053D2A0 /* CloseButton.swift in Sources */,
				DC9E90972C6190840053D2A0 /* MainViewController.swift in Sources */,
				DC9E90CA2C640BBA0053D2A0 /* WorkoutTableViewCell.swift in Sources */,
				DC9E911F2C66F2120053D2A0 /* Int + Extensions.swift in Sources */,
				DC9E90DC2C6516DB0053D2A0 /* NewWorkoutViewController.swift in Sources */,
				DC9E90C22C63ABAF0053D2A0 /* CalendarCollectionViewCell.swift in Sources */,
				DC9E90C62C63ED970053D2A0 /* MainTableView.swift in Sources */,
				DC9E90B22C6302F30053D2A0 /* UIView + Extensions.swift in Sources */,
				DC9E90932C6190840053D2A0 /* AppDelegate.swift in Sources */,
				DC9E90AC2C619FD80053D2A0 /* CalendarView.swift in Sources */,
				DC9E90BB2C6307240053D2A0 /* UIFont + Extensions.swift in Sources */,
				DC9E91252C6703A00053D2A0 /* SliderView.swift in Sources */,
				DC9E91332C6832110053D2A0 /* RealmManager.swift in Sources */,
				DC9E90952C6190840053D2A0 /* SceneDelegate.swift in Sources */,
				DC9E90D42C644EAD0053D2A0 /* StatisticTableViewCell.swift in Sources */,
				DC9E90DE2C65261A0053D2A0 /* NameView.swift in Sources */,
				DC9E90D12C644CE20053D2A0 /* StatisticTableView.swift in Sources */,
				DC9E90C82C63F3250053D2A0 /* StackView + Extensions.swift in Sources */,
			);
			runOnlyForDeploymentPostprocessing = 0;
		};
/* End PBXSourcesBuildPhase section */

/* Begin PBXVariantGroup section */
		DC9E909D2C6190850053D2A0 /* LaunchScreen.storyboard */ = {
			isa = PBXVariantGroup;
			children = (
				DC9E909E2C6190850053D2A0 /* Base */,
			);
			name = LaunchScreen.storyboard;
			sourceTree = "<group>";
		};
/* End PBXVariantGroup section */

/* Begin XCBuildConfiguration section */
		DC9E90A12C6190850053D2A0 /* Debug */ = {
			isa = XCBuildConfiguration;
			buildSettings = {
				ALWAYS_SEARCH_USER_PATHS = NO;
				ASSETCATALOG_COMPILER_GENERATE_SWIFT_ASSET_SYMBOL_EXTENSIONS = YES;
				CLANG_ANALYZER_NONNULL = YES;
				CLANG_ANALYZER_NUMBER_OBJECT_CONVERSION = YES_AGGRESSIVE;
				CLANG_CXX_LANGUAGE_STANDARD = "gnu++20";
				CLANG_ENABLE_MODULES = YES;
				CLANG_ENABLE_OBJC_ARC = YES;
				CLANG_ENABLE_OBJC_WEAK = YES;
				CLANG_WARN_BLOCK_CAPTURE_AUTORELEASING = YES;
				CLANG_WARN_BOOL_CONVERSION = YES;
				CLANG_WARN_COMMA = YES;
				CLANG_WARN_CONSTANT_CONVERSION = YES;
				CLANG_WARN_DEPRECATED_OBJC_IMPLEMENTATIONS = YES;
				CLANG_WARN_DIRECT_OBJC_ISA_USAGE = YES_ERROR;
				CLANG_WARN_DOCUMENTATION_COMMENTS = YES;
				CLANG_WARN_EMPTY_BODY = YES;
				CLANG_WARN_ENUM_CONVERSION = YES;
				CLANG_WARN_INFINITE_RECURSION = YES;
				CLANG_WARN_INT_CONVERSION = YES;
				CLANG_WARN_NON_LITERAL_NULL_CONVERSION = YES;
				CLANG_WARN_OBJC_IMPLICIT_RETAIN_SELF = YES;
				CLANG_WARN_OBJC_LITERAL_CONVERSION = YES;
				CLANG_WARN_OBJC_ROOT_CLASS = YES_ERROR;
				CLANG_WARN_QUOTED_INCLUDE_IN_FRAMEWORK_HEADER = YES;
				CLANG_WARN_RANGE_LOOP_ANALYSIS = YES;
				CLANG_WARN_STRICT_PROTOTYPES = YES;
				CLANG_WARN_SUSPICIOUS_MOVE = YES;
				CLANG_WARN_UNGUARDED_AVAILABILITY = YES_AGGRESSIVE;
				CLANG_WARN_UNREACHABLE_CODE = YES;
				CLANG_WARN__DUPLICATE_METHOD_MATCH = YES;
				COPY_PHASE_STRIP = NO;
				DEBUG_INFORMATION_FORMAT = dwarf;
				ENABLE_STRICT_OBJC_MSGSEND = YES;
				ENABLE_TESTABILITY = YES;
				ENABLE_USER_SCRIPT_SANDBOXING = YES;
				GCC_C_LANGUAGE_STANDARD = gnu17;
				GCC_DYNAMIC_NO_PIC = NO;
				GCC_NO_COMMON_BLOCKS = YES;
				GCC_OPTIMIZATION_LEVEL = 0;
				GCC_PREPROCESSOR_DEFINITIONS = (
					"DEBUG=1",
					"$(inherited)",
				);
				GCC_WARN_64_TO_32_BIT_CONVERSION = YES;
				GCC_WARN_ABOUT_RETURN_TYPE = YES_ERROR;
				GCC_WARN_UNDECLARED_SELECTOR = YES;
				GCC_WARN_UNINITIALIZED_AUTOS = YES_AGGRESSIVE;
				GCC_WARN_UNUSED_FUNCTION = YES;
				GCC_WARN_UNUSED_VARIABLE = YES;
				IPHONEOS_DEPLOYMENT_TARGET = 15.0;
				LOCALIZATION_PREFERS_STRING_CATALOGS = YES;
				MTL_ENABLE_DEBUG_INFO = INCLUDE_SOURCE;
				MTL_FAST_MATH = YES;
				ONLY_ACTIVE_ARCH = YES;
				SDKROOT = iphoneos;
				SWIFT_ACTIVE_COMPILATION_CONDITIONS = "DEBUG $(inherited)";
				SWIFT_OPTIMIZATION_LEVEL = "-Onone";
			};
			name = Debug;
		};
		DC9E90A22C6190850053D2A0 /* Release */ = {
			isa = XCBuildConfiguration;
			buildSettings = {
				ALWAYS_SEARCH_USER_PATHS = NO;
				ASSETCATALOG_COMPILER_GENERATE_SWIFT_ASSET_SYMBOL_EXTENSIONS = YES;
				CLANG_ANALYZER_NONNULL = YES;
				CLANG_ANALYZER_NUMBER_OBJECT_CONVERSION = YES_AGGRESSIVE;
				CLANG_CXX_LANGUAGE_STANDARD = "gnu++20";
				CLANG_ENABLE_MODULES = YES;
				CLANG_ENABLE_OBJC_ARC = YES;
				CLANG_ENABLE_OBJC_WEAK = YES;
				CLANG_WARN_BLOCK_CAPTURE_AUTORELEASING = YES;
				CLANG_WARN_BOOL_CONVERSION = YES;
				CLANG_WARN_COMMA = YES;
				CLANG_WARN_CONSTANT_CONVERSION = YES;
				CLANG_WARN_DEPRECATED_OBJC_IMPLEMENTATIONS = YES;
				CLANG_WARN_DIRECT_OBJC_ISA_USAGE = YES_ERROR;
				CLANG_WARN_DOCUMENTATION_COMMENTS = YES;
				CLANG_WARN_EMPTY_BODY = YES;
				CLANG_WARN_ENUM_CONVERSION = YES;
				CLANG_WARN_INFINITE_RECURSION = YES;
				CLANG_WARN_INT_CONVERSION = YES;
				CLANG_WARN_NON_LITERAL_NULL_CONVERSION = YES;
				CLANG_WARN_OBJC_IMPLICIT_RETAIN_SELF = YES;
				CLANG_WARN_OBJC_LITERAL_CONVERSION = YES;
				CLANG_WARN_OBJC_ROOT_CLASS = YES_ERROR;
				CLANG_WARN_QUOTED_INCLUDE_IN_FRAMEWORK_HEADER = YES;
				CLANG_WARN_RANGE_LOOP_ANALYSIS = YES;
				CLANG_WARN_STRICT_PROTOTYPES = YES;
				CLANG_WARN_SUSPICIOUS_MOVE = YES;
				CLANG_WARN_UNGUARDED_AVAILABILITY = YES_AGGRESSIVE;
				CLANG_WARN_UNREACHABLE_CODE = YES;
				CLANG_WARN__DUPLICATE_METHOD_MATCH = YES;
				COPY_PHASE_STRIP = NO;
				DEBUG_INFORMATION_FORMAT = "dwarf-with-dsym";
				ENABLE_NS_ASSERTIONS = NO;
				ENABLE_STRICT_OBJC_MSGSEND = YES;
				ENABLE_USER_SCRIPT_SANDBOXING = YES;
				GCC_C_LANGUAGE_STANDARD = gnu17;
				GCC_NO_COMMON_BLOCKS = YES;
				GCC_WARN_64_TO_32_BIT_CONVERSION = YES;
				GCC_WARN_ABOUT_RETURN_TYPE = YES_ERROR;
				GCC_WARN_UNDECLARED_SELECTOR = YES;
				GCC_WARN_UNINITIALIZED_AUTOS = YES_AGGRESSIVE;
				GCC_WARN_UNUSED_FUNCTION = YES;
				GCC_WARN_UNUSED_VARIABLE = YES;
				IPHONEOS_DEPLOYMENT_TARGET = 15.0;
				LOCALIZATION_PREFERS_STRING_CATALOGS = YES;
				MTL_ENABLE_DEBUG_INFO = NO;
				MTL_FAST_MATH = YES;
				SDKROOT = iphoneos;
				SWIFT_COMPILATION_MODE = wholemodule;
				VALIDATE_PRODUCT = YES;
			};
			name = Release;
		};
		DC9E90A42C6190850053D2A0 /* Debug */ = {
			isa = XCBuildConfiguration;
			buildSettings = {
				ASSETCATALOG_COMPILER_APPICON_NAME = AppIcon;
				ASSETCATALOG_COMPILER_GLOBAL_ACCENT_COLOR_NAME = AccentColor;
				CODE_SIGN_STYLE = Automatic;
				CURRENT_PROJECT_VERSION = 1;
				DEVELOPMENT_TEAM = 77YH724CV2;
				GENERATE_INFOPLIST_FILE = YES;
				INFOPLIST_FILE = "Fitness app/SuportingFiles/Info.plist";
				INFOPLIST_KEY_UIApplicationSupportsIndirectInputEvents = YES;
				INFOPLIST_KEY_UILaunchStoryboardName = LaunchScreen;
				INFOPLIST_KEY_UISupportedInterfaceOrientations = UIInterfaceOrientationPortrait;
				INFOPLIST_KEY_UISupportedInterfaceOrientations_iPad = "UIInterfaceOrientationLandscapeLeft UIInterfaceOrientationLandscapeRight UIInterfaceOrientationPortrait UIInterfaceOrientationPortraitUpsideDown";
				IPHONEOS_DEPLOYMENT_TARGET = 17.0;
				LD_RUNPATH_SEARCH_PATHS = (
					"$(inherited)",
					"@executable_path/Frameworks",
				);
				MARKETING_VERSION = 1.0;
				PRODUCT_BUNDLE_IDENTIFIER = "com.zakurakin.Fitness-app";
				PRODUCT_NAME = "$(TARGET_NAME)";
				SUPPORTED_PLATFORMS = "iphoneos iphonesimulator";
				SUPPORTS_MACCATALYST = NO;
				SUPPORTS_MAC_DESIGNED_FOR_IPHONE_IPAD = NO;
				SUPPORTS_XR_DESIGNED_FOR_IPHONE_IPAD = NO;
				SWIFT_EMIT_LOC_STRINGS = YES;
				SWIFT_VERSION = 5.0;
				TARGETED_DEVICE_FAMILY = 1;
			};
			name = Debug;
		};
		DC9E90A52C6190850053D2A0 /* Release */ = {
			isa = XCBuildConfiguration;
			buildSettings = {
				ASSETCATALOG_COMPILER_APPICON_NAME = AppIcon;
				ASSETCATALOG_COMPILER_GLOBAL_ACCENT_COLOR_NAME = AccentColor;
				CODE_SIGN_STYLE = Automatic;
				CURRENT_PROJECT_VERSION = 1;
				DEVELOPMENT_TEAM = 77YH724CV2;
				GENERATE_INFOPLIST_FILE = YES;
				INFOPLIST_FILE = "Fitness app/SuportingFiles/Info.plist";
				INFOPLIST_KEY_UIApplicationSupportsIndirectInputEvents = YES;
				INFOPLIST_KEY_UILaunchStoryboardName = LaunchScreen;
				INFOPLIST_KEY_UISupportedInterfaceOrientations = UIInterfaceOrientationPortrait;
				INFOPLIST_KEY_UISupportedInterfaceOrientations_iPad = "UIInterfaceOrientationLandscapeLeft UIInterfaceOrientationLandscapeRight UIInterfaceOrientationPortrait UIInterfaceOrientationPortraitUpsideDown";
				IPHONEOS_DEPLOYMENT_TARGET = 17.0;
				LD_RUNPATH_SEARCH_PATHS = (
					"$(inherited)",
					"@executable_path/Frameworks",
				);
				MARKETING_VERSION = 1.0;
				PRODUCT_BUNDLE_IDENTIFIER = "com.zakurakin.Fitness-app";
				PRODUCT_NAME = "$(TARGET_NAME)";
				SUPPORTED_PLATFORMS = "iphoneos iphonesimulator";
				SUPPORTS_MACCATALYST = NO;
				SUPPORTS_MAC_DESIGNED_FOR_IPHONE_IPAD = NO;
				SUPPORTS_XR_DESIGNED_FOR_IPHONE_IPAD = NO;
				SWIFT_EMIT_LOC_STRINGS = YES;
				SWIFT_VERSION = 5.0;
				TARGETED_DEVICE_FAMILY = 1;
			};
			name = Release;
		};
/* End XCBuildConfiguration section */

/* Begin XCConfigurationList section */
		DC9E908A2C6190840053D2A0 /* Build configuration list for PBXProject "Fitness app" */ = {
			isa = XCConfigurationList;
			buildConfigurations = (
				DC9E90A12C6190850053D2A0 /* Debug */,
				DC9E90A22C6190850053D2A0 /* Release */,
			);
			defaultConfigurationIsVisible = 0;
			defaultConfigurationName = Release;
		};
		DC9E90A32C6190850053D2A0 /* Build configuration list for PBXNativeTarget "Fitness app" */ = {
			isa = XCConfigurationList;
			buildConfigurations = (
				DC9E90A42C6190850053D2A0 /* Debug */,
				DC9E90A52C6190850053D2A0 /* Release */,
			);
			defaultConfigurationIsVisible = 0;
			defaultConfigurationName = Release;
		};
/* End XCConfigurationList section */

/* Begin XCRemoteSwiftPackageReference section */
		DC9E91182C665C370053D2A0 /* XCRemoteSwiftPackageReference "realm-swift" */ = {
			isa = XCRemoteSwiftPackageReference;
			repositoryURL = "https://github.com/realm/realm-swift.git";
			requirement = {
				kind = upToNextMajorVersion;
				minimumVersion = 10.0.0;
			};
		};
/* End XCRemoteSwiftPackageReference section */

/* Begin XCSwiftPackageProductDependency section */
		DC9E91192C665C370053D2A0 /* RealmSwift */ = {
			isa = XCSwiftPackageProductDependency;
			package = DC9E91182C665C370053D2A0 /* XCRemoteSwiftPackageReference "realm-swift" */;
			productName = RealmSwift;
		};
/* End XCSwiftPackageProductDependency section */
	};
	rootObject = DC9E90872C6190840053D2A0 /* Project object */;
}
